// !$*UTF8*$!
{
	archiveVersion = 1;
	classes = {
	};
	objectVersion = 50;
	objects = {

/* Begin PBXBuildFile section */
		8D6430EB2608D57900F02452 /* landmarkData.json in Resources */ = {isa = PBXBuildFile; fileRef = 8D6430EA2608D57900F02452 /* landmarkData.json */; };
		8D6430F02608D5A000F02452 /* Landmark.swift in Sources */ = {isa = PBXBuildFile; fileRef = 8D6430EF2608D5A000F02452 /* Landmark.swift */; };
		8D6430F52608D7B700F02452 /* ModelData.swift in Sources */ = {isa = PBXBuildFile; fileRef = 8D6430F42608D7B600F02452 /* ModelData.swift */; };
		8D6431002608F41600F02452 /* LandmarkRow.swift in Sources */ = {isa = PBXBuildFile; fileRef = 8D6430FF2608F41600F02452 /* LandmarkRow.swift */; };
		8D6431082608F63000F02452 /* LandmarkList.swift in Sources */ = {isa = PBXBuildFile; fileRef = 8D6431072608F63000F02452 /* LandmarkList.swift */; };
		8D64310D260B865C00F02452 /* LandmarkDetail.swift in Sources */ = {isa = PBXBuildFile; fileRef = 8D64310C260B865C00F02452 /* LandmarkDetail.swift */; };
		8D69B23526080A9000DC2AA1 /* CircleImage.swift in Sources */ = {isa = PBXBuildFile; fileRef = 8D69B23426080A9000DC2AA1 /* CircleImage.swift */; };
		8D69B23A26080BF100DC2AA1 /* MapView.swift in Sources */ = {isa = PBXBuildFile; fileRef = 8D69B23926080BF100DC2AA1 /* MapView.swift */; };
		8D75D2142610C9EC00A699ED /* FavoriteButton.swift in Sources */ = {isa = PBXBuildFile; fileRef = 8D75D2132610C9EC00A699ED /* FavoriteButton.swift */; };
		8DC1A0F426078E2C00B89DB0 /* LandmarksApp.swift in Sources */ = {isa = PBXBuildFile; fileRef = 8DC1A0F326078E2C00B89DB0 /* LandmarksApp.swift */; };
		8DC1A0F626078E2C00B89DB0 /* ContentView.swift in Sources */ = {isa = PBXBuildFile; fileRef = 8DC1A0F526078E2C00B89DB0 /* ContentView.swift */; };
		8DC1A0F826078E2E00B89DB0 /* Assets.xcassets in Resources */ = {isa = PBXBuildFile; fileRef = 8DC1A0F726078E2E00B89DB0 /* Assets.xcassets */; };
		8DC1A0FB26078E2E00B89DB0 /* Preview Assets.xcassets in Resources */ = {isa = PBXBuildFile; fileRef = 8DC1A0FA26078E2E00B89DB0 /* Preview Assets.xcassets */; };
		8DC1A10626078E2E00B89DB0 /* LandmarksTests.swift in Sources */ = {isa = PBXBuildFile; fileRef = 8DC1A10526078E2E00B89DB0 /* LandmarksTests.swift */; };
		8DC1A11126078E2E00B89DB0 /* LandmarksUITests.swift in Sources */ = {isa = PBXBuildFile; fileRef = 8DC1A11026078E2E00B89DB0 /* LandmarksUITests.swift */; };
/* End PBXBuildFile section */

/* Begin PBXContainerItemProxy section */
		8DC1A10226078E2E00B89DB0 /* PBXContainerItemProxy */ = {
			isa = PBXContainerItemProxy;
			containerPortal = 8DC1A0E826078E2C00B89DB0 /* Project object */;
			proxyType = 1;
			remoteGlobalIDString = 8DC1A0EF26078E2C00B89DB0;
			remoteInfo = Landmarks;
		};
		8DC1A10D26078E2E00B89DB0 /* PBXContainerItemProxy */ = {
			isa = PBXContainerItemProxy;
			containerPortal = 8DC1A0E826078E2C00B89DB0 /* Project object */;
			proxyType = 1;
			remoteGlobalIDString = 8DC1A0EF26078E2C00B89DB0;
			remoteInfo = Landmarks;
		};
/* End PBXContainerItemProxy section */

/* Begin PBXFileReference section */
		8D6430EA2608D57900F02452 /* landmarkData.json */ = {isa = PBXFileReference; fileEncoding = 4; lastKnownFileType = text.json; path = landmarkData.json; sourceTree = "<group>"; };
		8D6430EF2608D5A000F02452 /* Landmark.swift */ = {isa = PBXFileReference; lastKnownFileType = sourcecode.swift; path = Landmark.swift; sourceTree = "<group>"; };
		8D6430F42608D7B600F02452 /* ModelData.swift */ = {isa = PBXFileReference; lastKnownFileType = sourcecode.swift; path = ModelData.swift; sourceTree = "<group>"; };
		8D6430FF2608F41600F02452 /* LandmarkRow.swift */ = {isa = PBXFileReference; lastKnownFileType = sourcecode.swift; path = LandmarkRow.swift; sourceTree = "<group>"; };
		8D6431072608F63000F02452 /* LandmarkList.swift */ = {isa = PBXFileReference; lastKnownFileType = sourcecode.swift; path = LandmarkList.swift; sourceTree = "<group>"; };
		8D64310C260B865C00F02452 /* LandmarkDetail.swift */ = {isa = PBXFileReference; lastKnownFileType = sourcecode.swift; path = LandmarkDetail.swift; sourceTree = "<group>"; };
		8D69B23426080A9000DC2AA1 /* CircleImage.swift */ = {isa = PBXFileReference; lastKnownFileType = sourcecode.swift; path = CircleImage.swift; sourceTree = "<group>"; };
		8D69B23926080BF100DC2AA1 /* MapView.swift */ = {isa = PBXFileReference; lastKnownFileType = sourcecode.swift; path = MapView.swift; sourceTree = "<group>"; };
		8D75D2132610C9EC00A699ED /* FavoriteButton.swift */ = {isa = PBXFileReference; lastKnownFileType = sourcecode.swift; path = FavoriteButton.swift; sourceTree = "<group>"; };
		8DC1A0F026078E2C00B89DB0 /* Landmarks.app */ = {isa = PBXFileReference; explicitFileType = wrapper.application; includeInIndex = 0; path = Landmarks.app; sourceTree = BUILT_PRODUCTS_DIR; };
		8DC1A0F326078E2C00B89DB0 /* LandmarksApp.swift */ = {isa = PBXFileReference; lastKnownFileType = sourcecode.swift; path = LandmarksApp.swift; sourceTree = "<group>"; };
		8DC1A0F526078E2C00B89DB0 /* ContentView.swift */ = {isa = PBXFileReference; lastKnownFileType = sourcecode.swift; path = ContentView.swift; sourceTree = "<group>"; };
		8DC1A0F726078E2E00B89DB0 /* Assets.xcassets */ = {isa = PBXFileReference; lastKnownFileType = folder.assetcatalog; path = Assets.xcassets; sourceTree = "<group>"; };
		8DC1A0FA26078E2E00B89DB0 /* Preview Assets.xcassets */ = {isa = PBXFileReference; lastKnownFileType = folder.assetcatalog; path = "Preview Assets.xcassets"; sourceTree = "<group>"; };
		8DC1A0FC26078E2E00B89DB0 /* Info.plist */ = {isa = PBXFileReference; lastKnownFileType = text.plist.xml; path = Info.plist; sourceTree = "<group>"; };
		8DC1A10126078E2E00B89DB0 /* LandmarksTests.xctest */ = {isa = PBXFileReference; explicitFileType = wrapper.cfbundle; includeInIndex = 0; path = LandmarksTests.xctest; sourceTree = BUILT_PRODUCTS_DIR; };
		8DC1A10526078E2E00B89DB0 /* LandmarksTests.swift */ = {isa = PBXFileReference; lastKnownFileType = sourcecode.swift; path = LandmarksTests.swift; sourceTree = "<group>"; };
		8DC1A10726078E2E00B89DB0 /* Info.plist */ = {isa = PBXFileReference; lastKnownFileType = text.plist.xml; path = Info.plist; sourceTree = "<group>"; };
		8DC1A10C26078E2E00B89DB0 /* LandmarksUITests.xctest */ = {isa = PBXFileReference; explicitFileType = wrapper.cfbundle; includeInIndex = 0; path = LandmarksUITests.xctest; sourceTree = BUILT_PRODUCTS_DIR; };
		8DC1A11026078E2E00B89DB0 /* LandmarksUITests.swift */ = {isa = PBXFileReference; lastKnownFileType = sourcecode.swift; path = LandmarksUITests.swift; sourceTree = "<group>"; };
		8DC1A11226078E2E00B89DB0 /* Info.plist */ = {isa = PBXFileReference; lastKnownFileType = text.plist.xml; path = Info.plist; sourceTree = "<group>"; };
/* End PBXFileReference section */

/* Begin PBXFrameworksBuildPhase section */
		8DC1A0ED26078E2C00B89DB0 /* Frameworks */ = {
			isa = PBXFrameworksBuildPhase;
			buildActionMask = 2147483647;
			files = (
			);
			runOnlyForDeploymentPostprocessing = 0;
		};
		8DC1A0FE26078E2E00B89DB0 /* Frameworks */ = {
			isa = PBXFrameworksBuildPhase;
			buildActionMask = 2147483647;
			files = (
			);
			runOnlyForDeploymentPostprocessing = 0;
		};
		8DC1A10926078E2E00B89DB0 /* Frameworks */ = {
			isa = PBXFrameworksBuildPhase;
			buildActionMask = 2147483647;
			files = (
			);
			runOnlyForDeploymentPostprocessing = 0;
		};
/* End PBXFrameworksBuildPhase section */

/* Begin PBXGroup section */
		8D6430F92608D81A00F02452 /* Model */ = {
			isa = PBXGroup;
			children = (
				8D6430EF2608D5A000F02452 /* Landmark.swift */,
				8D6430F42608D7B600F02452 /* ModelData.swift */,
			);
			path = Model;
			sourceTree = "<group>";
		};
		8D6430FA2608D83C00F02452 /* Views */ = {
			isa = PBXGroup;
			children = (
				8DC1A0F526078E2C00B89DB0 /* ContentView.swift */,
				8D75D2192610CA7600A699ED /* Helpers */,
				8D75D2182610CA6C00A699ED /* Landmarks */,
			);
			path = Views;
			sourceTree = "<group>";
		};
		8D6430FE2608D85B00F02452 /* Resources */ = {
			isa = PBXGroup;
			children = (
				8D6430EA2608D57900F02452 /* landmarkData.json */,
			);
			path = Resources;
			sourceTree = "<group>";
		};
		8D75D2182610CA6C00A699ED /* Landmarks */ = {
			isa = PBXGroup;
			children = (
				8D6430FF2608F41600F02452 /* LandmarkRow.swift */,
				8D6431072608F63000F02452 /* LandmarkList.swift */,
				8D64310C260B865C00F02452 /* LandmarkDetail.swift */,
			);
			path = Landmarks;
			sourceTree = "<group>";
		};
		8D75D2192610CA7600A699ED /* Helpers */ = {
			isa = PBXGroup;
			children = (
				8D69B23426080A9000DC2AA1 /* CircleImage.swift */,
				8D75D2132610C9EC00A699ED /* FavoriteButton.swift */,
				8D69B23926080BF100DC2AA1 /* MapView.swift */,
			);
			path = Helpers;
			sourceTree = "<group>";
		};
		8DC1A0E726078E2C00B89DB0 = {
			isa = PBXGroup;
			children = (
				8DC1A0F226078E2C00B89DB0 /* Landmarks */,
				8DC1A10426078E2E00B89DB0 /* LandmarksTests */,
				8DC1A10F26078E2E00B89DB0 /* LandmarksUITests */,
				8DC1A0F126078E2C00B89DB0 /* Products */,
			);
			sourceTree = "<group>";
		};
		8DC1A0F126078E2C00B89DB0 /* Products */ = {
			isa = PBXGroup;
			children = (
				8DC1A0F026078E2C00B89DB0 /* Landmarks.app */,
				8DC1A10126078E2E00B89DB0 /* LandmarksTests.xctest */,
				8DC1A10C26078E2E00B89DB0 /* LandmarksUITests.xctest */,
			);
			name = Products;
			sourceTree = "<group>";
		};
		8DC1A0F226078E2C00B89DB0 /* Landmarks */ = {
			isa = PBXGroup;
			children = (
				8D6430FE2608D85B00F02452 /* Resources */,
				8DC1A0F326078E2C00B89DB0 /* LandmarksApp.swift */,
				8D6430FA2608D83C00F02452 /* Views */,
				8DC1A0F726078E2E00B89DB0 /* Assets.xcassets */,
				8DC1A0FC26078E2E00B89DB0 /* Info.plist */,
				8DC1A0F926078E2E00B89DB0 /* Preview Content */,
				8D6430F92608D81A00F02452 /* Model */,
			);
			path = Landmarks;
			sourceTree = "<group>";
		};
		8DC1A0F926078E2E00B89DB0 /* Preview Content */ = {
			isa = PBXGroup;
			children = (
				8DC1A0FA26078E2E00B89DB0 /* Preview Assets.xcassets */,
			);
			path = "Preview Content";
			sourceTree = "<group>";
		};
		8DC1A10426078E2E00B89DB0 /* LandmarksTests */ = {
			isa = PBXGroup;
			children = (
				8DC1A10526078E2E00B89DB0 /* LandmarksTests.swift */,
				8DC1A10726078E2E00B89DB0 /* Info.plist */,
			);
			path = LandmarksTests;
			sourceTree = "<group>";
		};
		8DC1A10F26078E2E00B89DB0 /* LandmarksUITests */ = {
			isa = PBXGroup;
			children = (
				8DC1A11026078E2E00B89DB0 /* LandmarksUITests.swift */,
				8DC1A11226078E2E00B89DB0 /* Info.plist */,
			);
			path = LandmarksUITests;
			sourceTree = "<group>";
		};
/* End PBXGroup section */

/* Begin PBXNativeTarget section */
		8DC1A0EF26078E2C00B89DB0 /* Landmarks */ = {
			isa = PBXNativeTarget;
			buildConfigurationList = 8DC1A11526078E2E00B89DB0 /* Build configuration list for PBXNativeTarget "Landmarks" */;
			buildPhases = (
				8DC1A0EC26078E2C00B89DB0 /* Sources */,
				8DC1A0ED26078E2C00B89DB0 /* Frameworks */,
				8DC1A0EE26078E2C00B89DB0 /* Resources */,
			);
			buildRules = (
			);
			dependencies = (
			);
			name = Landmarks;
			productName = Landmarks;
			productReference = 8DC1A0F026078E2C00B89DB0 /* Landmarks.app */;
			productType = "com.apple.product-type.application";
		};
		8DC1A10026078E2E00B89DB0 /* LandmarksTests */ = {
			isa = PBXNativeTarget;
			buildConfigurationList = 8DC1A11826078E2E00B89DB0 /* Build configuration list for PBXNativeTarget "LandmarksTests" */;
			buildPhases = (
				8DC1A0FD26078E2E00B89DB0 /* Sources */,
				8DC1A0FE26078E2E00B89DB0 /* Frameworks */,
				8DC1A0FF26078E2E00B89DB0 /* Resources */,
			);
			buildRules = (
			);
			dependencies = (
				8DC1A10326078E2E00B89DB0 /* PBXTargetDependency */,
			);
			name = LandmarksTests;
			productName = LandmarksTests;
			productReference = 8DC1A10126078E2E00B89DB0 /* LandmarksTests.xctest */;
			productType = "com.apple.product-type.bundle.unit-test";
		};
		8DC1A10B26078E2E00B89DB0 /* LandmarksUITests */ = {
			isa = PBXNativeTarget;
			buildConfigurationList = 8DC1A11B26078E2E00B89DB0 /* Build configuration list for PBXNativeTarget "LandmarksUITests" */;
			buildPhases = (
				8DC1A10826078E2E00B89DB0 /* Sources */,
				8DC1A10926078E2E00B89DB0 /* Frameworks */,
				8DC1A10A26078E2E00B89DB0 /* Resources */,
			);
			buildRules = (
			);
			dependencies = (
				8DC1A10E26078E2E00B89DB0 /* PBXTargetDependency */,
			);
			name = LandmarksUITests;
			productName = LandmarksUITests;
			productReference = 8DC1A10C26078E2E00B89DB0 /* LandmarksUITests.xctest */;
			productType = "com.apple.product-type.bundle.ui-testing";
		};
/* End PBXNativeTarget section */

/* Begin PBXProject section */
		8DC1A0E826078E2C00B89DB0 /* Project object */ = {
			isa = PBXProject;
			attributes = {
				LastSwiftUpdateCheck = 1240;
				LastUpgradeCheck = 1240;
				TargetAttributes = {
					8DC1A0EF26078E2C00B89DB0 = {
						CreatedOnToolsVersion = 12.4;
					};
					8DC1A10026078E2E00B89DB0 = {
						CreatedOnToolsVersion = 12.4;
						TestTargetID = 8DC1A0EF26078E2C00B89DB0;
					};
					8DC1A10B26078E2E00B89DB0 = {
						CreatedOnToolsVersion = 12.4;
						TestTargetID = 8DC1A0EF26078E2C00B89DB0;
					};
				};
			};
			buildConfigurationList = 8DC1A0EB26078E2C00B89DB0 /* Build configuration list for PBXProject "Landmarks" */;
			compatibilityVersion = "Xcode 9.3";
			developmentRegion = en;
			hasScannedForEncodings = 0;
			knownRegions = (
				en,
				Base,
			);
			mainGroup = 8DC1A0E726078E2C00B89DB0;
			productRefGroup = 8DC1A0F126078E2C00B89DB0 /* Products */;
			projectDirPath = "";
			projectRoot = "";
			targets = (
				8DC1A0EF26078E2C00B89DB0 /* Landmarks */,
				8DC1A10026078E2E00B89DB0 /* LandmarksTests */,
				8DC1A10B26078E2E00B89DB0 /* LandmarksUITests */,
			);
		};
/* End PBXProject section */

/* Begin PBXResourcesBuildPhase section */
		8DC1A0EE26078E2C00B89DB0 /* Resources */ = {
			isa = PBXResourcesBuildPhase;
			buildActionMask = 2147483647;
			files = (
				8DC1A0FB26078E2E00B89DB0 /* Preview Assets.xcassets in Resources */,
				8DC1A0F826078E2E00B89DB0 /* Assets.xcassets in Resources */,
				8D6430EB2608D57900F02452 /* landmarkData.json in Resources */,
			);
			runOnlyForDeploymentPostprocessing = 0;
		};
		8DC1A0FF26078E2E00B89DB0 /* Resources */ = {
			isa = PBXResourcesBuildPhase;
			buildActionMask = 2147483647;
			files = (
			);
			runOnlyForDeploymentPostprocessing = 0;
		};
		8DC1A10A26078E2E00B89DB0 /* Resources */ = {
			isa = PBXResourcesBuildPhase;
			buildActionMask = 2147483647;
			files = (
			);
			runOnlyForDeploymentPostprocessing = 0;
		};
/* End PBXResourcesBuildPhase section */

/* Begin PBXSourcesBuildPhase section */
		8DC1A0EC26078E2C00B89DB0 /* Sources */ = {
			isa = PBXSourcesBuildPhase;
			buildActionMask = 2147483647;
			files = (
				8DC1A0F626078E2C00B89DB0 /* ContentView.swift in Sources */,
				8D69B23A26080BF100DC2AA1 /* MapView.swift in Sources */,
				8DC1A0F426078E2C00B89DB0 /* LandmarksApp.swift in Sources */,
				8D75D2142610C9EC00A699ED /* FavoriteButton.swift in Sources */,
				8D6431082608F63000F02452 /* LandmarkList.swift in Sources */,
				8D64310D260B865C00F02452 /* LandmarkDetail.swift in Sources */,
				8D69B23526080A9000DC2AA1 /* CircleImage.swift in Sources */,
				8D6430F02608D5A000F02452 /* Landmark.swift in Sources */,
				8D6431002608F41600F02452 /* LandmarkRow.swift in Sources */,
				8D6430F52608D7B700F02452 /* ModelData.swift in Sources */,
			);
			runOnlyForDeploymentPostprocessing = 0;
		};
		8DC1A0FD26078E2E00B89DB0 /* Sources */ = {
			isa = PBXSourcesBuildPhase;
			buildActionMask = 2147483647;
			files = (
				8DC1A10626078E2E00B89DB0 /* LandmarksTests.swift in Sources */,
			);
			runOnlyForDeploymentPostprocessing = 0;
		};
		8DC1A10826078E2E00B89DB0 /* Sources */ = {
			isa = PBXSourcesBuildPhase;
			buildActionMask = 2147483647;
			files = (
				8DC1A11126078E2E00B89DB0 /* LandmarksUITests.swift in Sources */,
			);
			runOnlyForDeploymentPostprocessing = 0;
		};
/* End PBXSourcesBuildPhase section */

/* Begin PBXTargetDependency section */
		8DC1A10326078E2E00B89DB0 /* PBXTargetDependency */ = {
			isa = PBXTargetDependency;
			target = 8DC1A0EF26078E2C00B89DB0 /* Landmarks */;
			targetProxy = 8DC1A10226078E2E00B89DB0 /* PBXContainerItemProxy */;
		};
		8DC1A10E26078E2E00B89DB0 /* PBXTargetDependency */ = {
			isa = PBXTargetDependency;
			target = 8DC1A0EF26078E2C00B89DB0 /* Landmarks */;
			targetProxy = 8DC1A10D26078E2E00B89DB0 /* PBXContainerItemProxy */;
		};
/* End PBXTargetDependency section */

/* Begin XCBuildConfiguration section */
		8DC1A11326078E2E00B89DB0 /* Debug */ = {
			isa = XCBuildConfiguration;
			buildSettings = {
				ALWAYS_SEARCH_USER_PATHS = NO;
				CLANG_ANALYZER_NONNULL = YES;
				CLANG_ANALYZER_NUMBER_OBJECT_CONVERSION = YES_AGGRESSIVE;
				CLANG_CXX_LANGUAGE_STANDARD = "gnu++14";
				CLANG_CXX_LIBRARY = "libc++";
				CLANG_ENABLE_MODULES = YES;
				CLANG_ENABLE_OBJC_ARC = YES;
				CLANG_ENABLE_OBJC_WEAK = YES;
				CLANG_WARN_BLOCK_CAPTURE_AUTORELEASING = YES;
				CLANG_WARN_BOOL_CONVERSION = YES;
				CLANG_WARN_COMMA = YES;
				CLANG_WARN_CONSTANT_CONVERSION = YES;
				CLANG_WARN_DEPRECATED_OBJC_IMPLEMENTATIONS = YES;
				CLANG_WARN_DIRECT_OBJC_ISA_USAGE = YES_ERROR;
				CLANG_WARN_DOCUMENTATION_COMMENTS = YES;
				CLANG_WARN_EMPTY_BODY = YES;
				CLANG_WARN_ENUM_CONVERSION = YES;
				CLANG_WARN_INFINITE_RECURSION = YES;
				CLANG_WARN_INT_CONVERSION = YES;
				CLANG_WARN_NON_LITERAL_NULL_CONVERSION = YES;
				CLANG_WARN_OBJC_IMPLICIT_RETAIN_SELF = YES;
				CLANG_WARN_OBJC_LITERAL_CONVERSION = YES;
				CLANG_WARN_OBJC_ROOT_CLASS = YES_ERROR;
				CLANG_WARN_QUOTED_INCLUDE_IN_FRAMEWORK_HEADER = YES;
				CLANG_WARN_RANGE_LOOP_ANALYSIS = YES;
				CLANG_WARN_STRICT_PROTOTYPES = YES;
				CLANG_WARN_SUSPICIOUS_MOVE = YES;
				CLANG_WARN_UNGUARDED_AVAILABILITY = YES_AGGRESSIVE;
				CLANG_WARN_UNREACHABLE_CODE = YES;
				CLANG_WARN__DUPLICATE_METHOD_MATCH = YES;
				COPY_PHASE_STRIP = NO;
				DEBUG_INFORMATION_FORMAT = dwarf;
				ENABLE_STRICT_OBJC_MSGSEND = YES;
				ENABLE_TESTABILITY = YES;
				GCC_C_LANGUAGE_STANDARD = gnu11;
				GCC_DYNAMIC_NO_PIC = NO;
				GCC_NO_COMMON_BLOCKS = YES;
				GCC_OPTIMIZATION_LEVEL = 0;
				GCC_PREPROCESSOR_DEFINITIONS = (
					"DEBUG=1",
					"$(inherited)",
				);
				GCC_WARN_64_TO_32_BIT_CONVERSION = YES;
				GCC_WARN_ABOUT_RETURN_TYPE = YES_ERROR;
				GCC_WARN_UNDECLARED_SELECTOR = YES;
				GCC_WARN_UNINITIALIZED_AUTOS = YES_AGGRESSIVE;
				GCC_WARN_UNUSED_FUNCTION = YES;
				GCC_WARN_UNUSED_VARIABLE = YES;
				IPHONEOS_DEPLOYMENT_TARGET = 14.4;
				MTL_ENABLE_DEBUG_INFO = INCLUDE_SOURCE;
				MTL_FAST_MATH = YES;
				ONLY_ACTIVE_ARCH = YES;
				SDKROOT = iphoneos;
				SWIFT_ACTIVE_COMPILATION_CONDITIONS = DEBUG;
				SWIFT_OPTIMIZATION_LEVEL = "-Onone";
			};
			name = Debug;
		};
		8DC1A11426078E2E00B89DB0 /* Release */ = {
			isa = XCBuildConfiguration;
			buildSettings = {
				ALWAYS_SEARCH_USER_PATHS = NO;
				CLANG_ANALYZER_NONNULL = YES;
				CLANG_ANALYZER_NUMBER_OBJECT_CONVERSION = YES_AGGRESSIVE;
				CLANG_CXX_LANGUAGE_STANDARD = "gnu++14";
				CLANG_CXX_LIBRARY = "libc++";
				CLANG_ENABLE_MODULES = YES;
				CLANG_ENABLE_OBJC_ARC = YES;
				CLANG_ENABLE_OBJC_WEAK = YES;
				CLANG_WARN_BLOCK_CAPTURE_AUTORELEASING = YES;
				CLANG_WARN_BOOL_CONVERSION = YES;
				CLANG_WARN_COMMA = YES;
				CLANG_WARN_CONSTANT_CONVERSION = YES;
				CLANG_WARN_DEPRECATED_OBJC_IMPLEMENTATIONS = YES;
				CLANG_WARN_DIRECT_OBJC_ISA_USAGE = YES_ERROR;
				CLANG_WARN_DOCUMENTATION_COMMENTS = YES;
				CLANG_WARN_EMPTY_BODY = YES;
				CLANG_WARN_ENUM_CONVERSION = YES;
				CLANG_WARN_INFINITE_RECURSION = YES;
				CLANG_WARN_INT_CONVERSION = YES;
				CLANG_WARN_NON_LITERAL_NULL_CONVERSION = YES;
				CLANG_WARN_OBJC_IMPLICIT_RETAIN_SELF = YES;
				CLANG_WARN_OBJC_LITERAL_CONVERSION = YES;
				CLANG_WARN_OBJC_ROOT_CLASS = YES_ERROR;
				CLANG_WARN_QUOTED_INCLUDE_IN_FRAMEWORK_HEADER = YES;
				CLANG_WARN_RANGE_LOOP_ANALYSIS = YES;
				CLANG_WARN_STRICT_PROTOTYPES = YES;
				CLANG_WARN_SUSPICIOUS_MOVE = YES;
				CLANG_WARN_UNGUARDED_AVAILABILITY = YES_AGGRESSIVE;
				CLANG_WARN_UNREACHABLE_CODE = YES;
				CLANG_WARN__DUPLICATE_METHOD_MATCH = YES;
				COPY_PHASE_STRIP = NO;
				DEBUG_INFORMATION_FORMAT = "dwarf-with-dsym";
				ENABLE_NS_ASSERTIONS = NO;
				ENABLE_STRICT_OBJC_MSGSEND = YES;
				GCC_C_LANGUAGE_STANDARD = gnu11;
				GCC_NO_COMMON_BLOCKS = YES;
				GCC_WARN_64_TO_32_BIT_CONVERSION = YES;
				GCC_WARN_ABOUT_RETURN_TYPE = YES_ERROR;
				GCC_WARN_UNDECLARED_SELECTOR = YES;
				GCC_WARN_UNINITIALIZED_AUTOS = YES_AGGRESSIVE;
				GCC_WARN_UNUSED_FUNCTION = YES;
				GCC_WARN_UNUSED_VARIABLE = YES;
				IPHONEOS_DEPLOYMENT_TARGET = 14.4;
				MTL_ENABLE_DEBUG_INFO = NO;
				MTL_FAST_MATH = YES;
				SDKROOT = iphoneos;
				SWIFT_COMPILATION_MODE = wholemodule;
				SWIFT_OPTIMIZATION_LEVEL = "-O";
				VALIDATE_PRODUCT = YES;
			};
			name = Release;
		};
		8DC1A11626078E2E00B89DB0 /* Debug */ = {
			isa = XCBuildConfiguration;
			buildSettings = {
				ASSETCATALOG_COMPILER_APPICON_NAME = AppIcon;
				ASSETCATALOG_COMPILER_GLOBAL_ACCENT_COLOR_NAME = AccentColor;
				CODE_SIGN_STYLE = Automatic;
				DEVELOPMENT_ASSET_PATHS = "\"Landmarks/Preview Content\"";
				ENABLE_PREVIEWS = YES;
				INFOPLIST_FILE = Landmarks/Info.plist;
				IPHONEOS_DEPLOYMENT_TARGET = 14.0;
				LD_RUNPATH_SEARCH_PATHS = (
					"$(inherited)",
					"@executable_path/Frameworks",
				);
				PRODUCT_BUNDLE_IDENTIFIER = com.example.Landmarks;
				PRODUCT_NAME = "$(TARGET_NAME)";
				SWIFT_VERSION = 5.0;
				TARGETED_DEVICE_FAMILY = "1,2";
			};
			name = Debug;
		};
		8DC1A11726078E2E00B89DB0 /* Release */ = {
			isa = XCBuildConfiguration;
			buildSettings = {
				ASSETCATALOG_COMPILER_APPICON_NAME = AppIcon;
				ASSETCATALOG_COMPILER_GLOBAL_ACCENT_COLOR_NAME = AccentColor;
				CODE_SIGN_STYLE = Automatic;
				DEVELOPMENT_ASSET_PATHS = "\"Landmarks/Preview Content\"";
				ENABLE_PREVIEWS = YES;
				INFOPLIST_FILE = Landmarks/Info.plist;
				IPHONEOS_DEPLOYMENT_TARGET = 14.0;
				LD_RUNPATH_SEARCH_PATHS = (
					"$(inherited)",
					"@executable_path/Frameworks",
				);
				PRODUCT_BUNDLE_IDENTIFIER = com.example.Landmarks;
				PRODUCT_NAME = "$(TARGET_NAME)";
				SWIFT_VERSION = 5.0;
				TARGETED_DEVICE_FAMILY = "1,2";
			};
			name = Release;
		};
		8DC1A11926078E2E00B89DB0 /* Debug */ = {
			isa = XCBuildConfiguration;
			buildSettings = {
				ALWAYS_EMBED_SWIFT_STANDARD_LIBRARIES = YES;
				BUNDLE_LOADER = "$(TEST_HOST)";
				CODE_SIGN_STYLE = Automatic;
				INFOPLIST_FILE = LandmarksTests/Info.plist;
				IPHONEOS_DEPLOYMENT_TARGET = 14.0;
				LD_RUNPATH_SEARCH_PATHS = (
					"$(inherited)",
					"@executable_path/Frameworks",
					"@loader_path/Frameworks",
				);
				PRODUCT_BUNDLE_IDENTIFIER = com.example.LandmarksTests;
				PRODUCT_NAME = "$(TARGET_NAME)";
				SWIFT_VERSION = 5.0;
				TARGETED_DEVICE_FAMILY = "1,2";
				TEST_HOST = "$(BUILT_PRODUCTS_DIR)/Landmarks.app/Landmarks";
			};
			name = Debug;
		};
		8DC1A11A26078E2E00B89DB0 /* Release */ = {
			isa = XCBuildConfiguration;
			buildSettings = {
				ALWAYS_EMBED_SWIFT_STANDARD_LIBRARIES = YES;
				BUNDLE_LOADER = "$(TEST_HOST)";
				CODE_SIGN_STYLE = Automatic;
				INFOPLIST_FILE = LandmarksTests/Info.plist;
				IPHONEOS_DEPLOYMENT_TARGET = 14.0;
				LD_RUNPATH_SEARCH_PATHS = (
					"$(inherited)",
					"@executable_path/Frameworks",
					"@loader_path/Frameworks",
				);
				PRODUCT_BUNDLE_IDENTIFIER = com.example.LandmarksTests;
				PRODUCT_NAME = "$(TARGET_NAME)";
				SWIFT_VERSION = 5.0;
				TARGETED_DEVICE_FAMILY = "1,2";
				TEST_HOST = "$(BUILT_PRODUCTS_DIR)/Landmarks.app/Landmarks";
			};
			name = Release;
		};
		8DC1A11C26078E2E00B89DB0 /* Debug */ = {
			isa = XCBuildConfiguration;
			buildSettings = {
				ALWAYS_EMBED_SWIFT_STANDARD_LIBRARIES = YES;
				CODE_SIGN_STYLE = Automatic;
				INFOPLIST_FILE = LandmarksUITests/Info.plist;
				LD_RUNPATH_SEARCH_PATHS = (
					"$(inherited)",
					"@executable_path/Frameworks",
					"@loader_path/Frameworks",
				);
				PRODUCT_BUNDLE_IDENTIFIER = com.example.LandmarksUITests;
				PRODUCT_NAME = "$(TARGET_NAME)";
				SWIFT_VERSION = 5.0;
				TARGETED_DEVICE_FAMILY = "1,2";
				TEST_TARGET_NAME = Landmarks;
			};
			name = Debug;
		};
		8DC1A11D26078E2E00B89DB0 /* Release */ = {
			isa = XCBuildConfiguration;
			buildSettings = {
				ALWAYS_EMBED_SWIFT_STANDARD_LIBRARIES = YES;
				CODE_SIGN_STYLE = Automatic;
				INFOPLIST_FILE = LandmarksUITests/Info.plist;
				LD_RUNPATH_SEARCH_PATHS = (
					"$(inherited)",
					"@executable_path/Frameworks",
					"@loader_path/Frameworks",
				);
				PRODUCT_BUNDLE_IDENTIFIER = com.example.LandmarksUITests;
				PRODUCT_NAME = "$(TARGET_NAME)";
				SWIFT_VERSION = 5.0;
				TARGETED_DEVICE_FAMILY = "1,2";
				TEST_TARGET_NAME = Landmarks;
			};
			name = Release;
		};
/* End XCBuildConfiguration section */

/* Begin XCConfigurationList section */
		8DC1A0EB26078E2C00B89DB0 /* Build configuration list for PBXProject "Landmarks" */ = {
			isa = XCConfigurationList;
			buildConfigurations = (
				8DC1A11326078E2E00B89DB0 /* Debug */,
				8DC1A11426078E2E00B89DB0 /* Release */,
			);
			defaultConfigurationIsVisible = 0;
			defaultConfigurationName = Release;
		};
		8DC1A11526078E2E00B89DB0 /* Build configuration list for PBXNativeTarget "Landmarks" */ = {
			isa = XCConfigurationList;
			buildConfigurations = (
				8DC1A11626078E2E00B89DB0 /* Debug */,
				8DC1A11726078E2E00B89DB0 /* Release */,
			);
			defaultConfigurationIsVisible = 0;
			defaultConfigurationName = Release;
		};
		8DC1A11826078E2E00B89DB0 /* Build configuration list for PBXNativeTarget "LandmarksTests" */ = {
			isa = XCConfigurationList;
			buildConfigurations = (
				8DC1A11926078E2E00B89DB0 /* Debug */,
				8DC1A11A26078E2E00B89DB0 /* Release */,
			);
			defaultConfigurationIsVisible = 0;
			defaultConfigurationName = Release;
		};
		8DC1A11B26078E2E00B89DB0 /* Build configuration list for PBXNativeTarget "LandmarksUITests" */ = {
			isa = XCConfigurationList;
			buildConfigurations = (
				8DC1A11C26078E2E00B89DB0 /* Debug */,
				8DC1A11D26078E2E00B89DB0 /* Release */,
			);
			defaultConfigurationIsVisible = 0;
			defaultConfigurationName = Release;
		};
/* End XCConfigurationList section */
	};
	rootObject = 8DC1A0E826078E2C00B89DB0 /* Project object */;
}
